
Microsoft Visual Studio Solution File, Format Version 12.00
# Visual Studio Version 16
VisualStudioVersion = 16.0.35325.158
MinimumVisualStudioVersion = 10.0.40219.1
Project("{FAE04EC0-301F-11D3-BF4B-00C04F79EFBC}") = "ConsoleApp1", "ConsoleApp1\ConsoleApp1.csproj", "{AD7D3C48-68C0-4EA0-BFD7-8EBDE994A2B7}"
EndProject
Global
	GlobalSection(SolutionConfigurationPlatforms) = preSolution
		Debug|Any CPU = Debug|Any CPU
		Release|Any CPU = Release|Any CPU
	EndGlobalSection
	GlobalSection(ProjectConfigurationPlatforms) = postSolution
		{AD7D3C48-68C0-4EA0-BFD7-8EBDE994A2B7}.Debug|Any CPU.ActiveCfg = Debug|Any CPU
		{AD7D3C48-68C0-4EA0-BFD7-8EBDE994A2B7}.Debug|Any CPU.Build.0 = Debug|Any CPU
		{AD7D3C48-68C0-4EA0-BFD7-8EBDE994A2B7}.Release|Any CPU.ActiveCfg = Release|Any CPU
		{AD7D3C48-68C0-4EA0-BFD7-8EBDE994A2B7}.Release|Any CPU.Build.0 = Release|Any CPU
	EndGlobalSection
	GlobalSection(SolutionProperties) = preSolution
		HideSolutionNode = FALSE
	EndGlobalSection
	GlobalSection(ExtensibilityGlobals) = postSolution
		SolutionGuid = {EB0768F1-CA25-461F-BC1D-8EBC838828C0}
	EndGlobalSection
EndGlobal
