
Microsoft Visual Studio Solution File, Format Version 12.00
# Visual Studio Version 16
VisualStudioVersion = 16.0.35325.158
MinimumVisualStudioVersion = 10.0.40219.1
Project("{FAE04EC0-301F-11D3-BF4B-00C04F79EFBC}") = "Assesment-4", "Assesment-4\Assesment-4.csproj", "{D757971E-4E78-4348-A007-C81B46600B98}"
EndProject
Global
	GlobalSection(SolutionConfigurationPlatforms) = preSolution
		Debug|Any CPU = Debug|Any CPU
		Release|Any CPU = Release|Any CPU
	EndGlobalSection
	GlobalSection(ProjectConfigurationPlatforms) = postSolution
		{D757971E-4E78-4348-A007-C81B46600B98}.Debug|Any CPU.ActiveCfg = Debug|Any CPU
		{D757971E-4E78-4348-A007-C81B46600B98}.Debug|Any CPU.Build.0 = Debug|Any CPU
		{D757971E-4E78-4348-A007-C81B46600B98}.Release|Any CPU.ActiveCfg = Release|Any CPU
		{D757971E-4E78-4348-A007-C81B46600B98}.Release|Any CPU.Build.0 = Release|Any CPU
	EndGlobalSection
	GlobalSection(SolutionProperties) = preSolution
		HideSolutionNode = FALSE
	EndGlobalSection
	GlobalSection(ExtensibilityGlobals) = postSolution
		SolutionGuid = {6C394573-96EE-41BD-8DB1-E4B7997084BB}
	EndGlobalSection
EndGlobal
