
Microsoft Visual Studio Solution File, Format Version 12.00
# Visual Studio Version 16
VisualStudioVersion = 16.0.35325.158
MinimumVisualStudioVersion = 10.0.40219.1
Project("{FAE04EC0-301F-11D3-BF4B-00C04F79EFBC}") = "Coding challenge 3", "Coding challenge 3\Coding challenge 3.csproj", "{B2051DD6-7666-4BD3-AF7E-34236FB8A9C2}"
EndProject
Global
	GlobalSection(SolutionConfigurationPlatforms) = preSolution
		Debug|Any CPU = Debug|Any CPU
		Release|Any CPU = Release|Any CPU
	EndGlobalSection
	GlobalSection(ProjectConfigurationPlatforms) = postSolution
		{B2051DD6-7666-4BD3-AF7E-34236FB8A9C2}.Debug|Any CPU.ActiveCfg = Debug|Any CPU
		{B2051DD6-7666-4BD3-AF7E-34236FB8A9C2}.Debug|Any CPU.Build.0 = Debug|Any CPU
		{B2051DD6-7666-4BD3-AF7E-34236FB8A9C2}.Release|Any CPU.ActiveCfg = Release|Any CPU
		{B2051DD6-7666-4BD3-AF7E-34236FB8A9C2}.Release|Any CPU.Build.0 = Release|Any CPU
	EndGlobalSection
	GlobalSection(SolutionProperties) = preSolution
		HideSolutionNode = FALSE
	EndGlobalSection
	GlobalSection(ExtensibilityGlobals) = postSolution
		SolutionGuid = {8FB41698-5DA2-4A7A-B49D-53122A014ACE}
	EndGlobalSection
EndGlobal
