
Microsoft Visual Studio Solution File, Format Version 12.00
# Visual Studio Version 16
VisualStudioVersion = 16.0.35325.158
MinimumVisualStudioVersion = 10.0.40219.1
Project("{FAE04EC0-301F-11D3-BF4B-00C04F79EFBC}") = "CodeChallenge8_2", "WebApplication1\CodeChallenge8_2.csproj", "{FE98D2BF-EB0A-48CF-9AD4-2DA468EFD001}"
EndProject
Project("{2150E333-8FDC-42A3-9474-1A3956D46DE8}") = "Solution Items", "Solution Items", "{D1C7D080-74D6-4500-90E0-6DB9ACE93E15}"
	ProjectSection(SolutionItems) = preProject
		.editorconfig = .editorconfig
	EndProjectSection
EndProject
Global
	GlobalSection(SolutionConfigurationPlatforms) = preSolution
		Debug|Any CPU = Debug|Any CPU
		Release|Any CPU = Release|Any CPU
	EndGlobalSection
	GlobalSection(ProjectConfigurationPlatforms) = postSolution
		{FE98D2BF-EB0A-48CF-9AD4-2DA468EFD001}.Debug|Any CPU.ActiveCfg = Debug|Any CPU
		{FE98D2BF-EB0A-48CF-9AD4-2DA468EFD001}.Debug|Any CPU.Build.0 = Debug|Any CPU
		{FE98D2BF-EB0A-48CF-9AD4-2DA468EFD001}.Release|Any CPU.ActiveCfg = Release|Any CPU
		{FE98D2BF-EB0A-48CF-9AD4-2DA468EFD001}.Release|Any CPU.Build.0 = Release|Any CPU
	EndGlobalSection
	GlobalSection(SolutionProperties) = preSolution
		HideSolutionNode = FALSE
	EndGlobalSection
	GlobalSection(ExtensibilityGlobals) = postSolution
		SolutionGuid = {B3E4C584-73BE-4EEA-8721-49B6DFD63207}
	EndGlobalSection
EndGlobal
