
Microsoft Visual Studio Solution File, Format Version 12.00
# Visual Studio Version 16
VisualStudioVersion = 16.0.35325.158
MinimumVisualStudioVersion = 10.0.40219.1
Project("{FAE04EC0-301F-11D3-BF4B-00C04F79EFBC}") = "ADO Assignment 1", "ADO Assignment 1\ADO Assignment 1.csproj", "{C6142F9A-7682-4CA9-82D0-4EB88C6FDFF9}"
EndProject
Global
	GlobalSection(SolutionConfigurationPlatforms) = preSolution
		Debug|Any CPU = Debug|Any CPU
		Release|Any CPU = Release|Any CPU
	EndGlobalSection
	GlobalSection(ProjectConfigurationPlatforms) = postSolution
		{C6142F9A-7682-4CA9-82D0-4EB88C6FDFF9}.Debug|Any CPU.ActiveCfg = Debug|Any CPU
		{C6142F9A-7682-4CA9-82D0-4EB88C6FDFF9}.Debug|Any CPU.Build.0 = Debug|Any CPU
		{C6142F9A-7682-4CA9-82D0-4EB88C6FDFF9}.Release|Any CPU.ActiveCfg = Release|Any CPU
		{C6142F9A-7682-4CA9-82D0-4EB88C6FDFF9}.Release|Any CPU.Build.0 = Release|Any CPU
	EndGlobalSection
	GlobalSection(SolutionProperties) = preSolution
		HideSolutionNode = FALSE
	EndGlobalSection
	GlobalSection(ExtensibilityGlobals) = postSolution
		SolutionGuid = {0358A35B-8A0A-4F2D-8739-051C5F79D238}
	EndGlobalSection
EndGlobal
